
Microsoft Visual Studio Solution File, Format Version 11.00
# Visual Studio 2010
Project("{FAE04EC0-301F-11D3-BF4B-00C04F79EFBC}") = "Assembly-CSharp", "Assembly-CSharp.csproj", "{9C716D21-B499-74F2-0320-0E40F3F91863}"
EndProject
Project("{FAE04EC0-301F-11D3-BF4B-00C04F79EFBC}") = "Assembly-CSharp-Editor", "Assembly-CSharp-Editor.csproj", "{2228C537-1B75-6769-BA4B-BA75EAFA749F}"
EndProject
Global
	GlobalSection(SolutionConfigurationPlatforms) = preSolution
		Debug|Any CPU = Debug|Any CPU
		Release|Any CPU = Release|Any CPU
	EndGlobalSection
	GlobalSection(ProjectConfigurationPlatforms) = postSolution
		{9C716D21-B499-74F2-0320-0E40F3F91863}.Debug|Any CPU.ActiveCfg = Debug|Any CPU
		{9C716D21-B499-74F2-0320-0E40F3F91863}.Debug|Any CPU.Build.0 = Debug|Any CPU
		{9C716D21-B499-74F2-0320-0E40F3F91863}.Release|Any CPU.ActiveCfg = Release|Any CPU
		{9C716D21-B499-74F2-0320-0E40F3F91863}.Release|Any CPU.Build.0 = Release|Any CPU
		{2228C537-1B75-6769-BA4B-BA75EAFA749F}.Debug|Any CPU.ActiveCfg = Debug|Any CPU
		{2228C537-1B75-6769-BA4B-BA75EAFA749F}.Debug|Any CPU.Build.0 = Debug|Any CPU
		{2228C537-1B75-6769-BA4B-BA75EAFA749F}.Release|Any CPU.ActiveCfg = Release|Any CPU
		{2228C537-1B75-6769-BA4B-BA75EAFA749F}.Release|Any CPU.Build.0 = Release|Any CPU
	EndGlobalSection
	GlobalSection(SolutionProperties) = preSolution
		HideSolutionNode = FALSE
	EndGlobalSection
EndGlobal
